
Microsoft Visual Studio Solution File, Format Version 12.00
# Visual Studio Version 17
VisualStudioVersion = 17.0.32014.148
MinimumVisualStudioVersion = 10.0.40219.1
Project("{9A19103F-16F7-4668-BE54-9A1E7A4F7556}") = "ScenarioAlerter", "ScenarioAlerter\ScenarioAlerter.csproj", "{7DF89F3E-A733-4619-B44D-1CC6BF7F035F}"
EndProject
Project("{9A19103F-16F7-4668-BE54-9A1E7A4F7556}") = "ScenarioAlerter.AlertServices", "ScenarioAlerter.AlertProviders\ScenarioAlerter.AlertServices.csproj", "{BC9E642B-F6C4-476C-9038-BEE53096318B}"
EndProject
Global
	GlobalSection(SolutionConfigurationPlatforms) = preSolution
		Debug|Any CPU = Debug|Any CPU
		Release|Any CPU = Release|Any CPU
	EndGlobalSection
	GlobalSection(ProjectConfigurationPlatforms) = postSolution
		{7DF89F3E-A733-4619-B44D-1CC6BF7F035F}.Debug|Any CPU.ActiveCfg = Debug|Any CPU
		{7DF89F3E-A733-4619-B44D-1CC6BF7F035F}.Debug|Any CPU.Build.0 = Debug|Any CPU
		{7DF89F3E-A733-4619-B44D-1CC6BF7F035F}.Release|Any CPU.ActiveCfg = Release|Any CPU
		{7DF89F3E-A733-4619-B44D-1CC6BF7F035F}.Release|Any CPU.Build.0 = Release|Any CPU
		{BC9E642B-F6C4-476C-9038-BEE53096318B}.Debug|Any CPU.ActiveCfg = Debug|Any CPU
		{BC9E642B-F6C4-476C-9038-BEE53096318B}.Debug|Any CPU.Build.0 = Debug|Any CPU
		{BC9E642B-F6C4-476C-9038-BEE53096318B}.Release|Any CPU.ActiveCfg = Release|Any CPU
		{BC9E642B-F6C4-476C-9038-BEE53096318B}.Release|Any CPU.Build.0 = Release|Any CPU
	EndGlobalSection
	GlobalSection(SolutionProperties) = preSolution
		HideSolutionNode = FALSE
	EndGlobalSection
	GlobalSection(ExtensibilityGlobals) = postSolution
		SolutionGuid = {B0F4EFAC-4CCF-496A-B237-664BA41A3A87}
	EndGlobalSection
EndGlobal
